
Microsoft Visual Studio Solution File, Format Version 12.00
# Visual Studio Version 17
VisualStudioVersion = 17.9.34714.143
MinimumVisualStudioVersion = 10.0.40219.1
Project("{FAE04EC0-301F-11D3-BF4B-00C04F79EFBC}") = "NameValidator-UT-Kata", "NameValidator-UT-Kata.csproj", "{FB60CD41-07F4-40EA-BAD5-4FD65EF8AD39}"
EndProject
Project("{FAE04EC0-301F-11D3-BF4B-00C04F79EFBC}") = "NameValidator-UT-Kata-Test", "..\NameValidator-UT-Kata-Test\NameValidator-UT-Kata-Test.csproj", "{1F6F0E3D-81B1-4CF3-B50B-D9E7EDC9778F}"
EndProject
Global
	GlobalSection(SolutionConfigurationPlatforms) = preSolution
		Debug|Any CPU = Debug|Any CPU
		Release|Any CPU = Release|Any CPU
	EndGlobalSection
	GlobalSection(ProjectConfigurationPlatforms) = postSolution
		{FB60CD41-07F4-40EA-BAD5-4FD65EF8AD39}.Debug|Any CPU.ActiveCfg = Debug|Any CPU
		{FB60CD41-07F4-40EA-BAD5-4FD65EF8AD39}.Debug|Any CPU.Build.0 = Debug|Any CPU
		{FB60CD41-07F4-40EA-BAD5-4FD65EF8AD39}.Release|Any CPU.ActiveCfg = Release|Any CPU
		{FB60CD41-07F4-40EA-BAD5-4FD65EF8AD39}.Release|Any CPU.Build.0 = Release|Any CPU
		{1F6F0E3D-81B1-4CF3-B50B-D9E7EDC9778F}.Debug|Any CPU.ActiveCfg = Debug|Any CPU
		{1F6F0E3D-81B1-4CF3-B50B-D9E7EDC9778F}.Debug|Any CPU.Build.0 = Debug|Any CPU
		{1F6F0E3D-81B1-4CF3-B50B-D9E7EDC9778F}.Release|Any CPU.ActiveCfg = Release|Any CPU
		{1F6F0E3D-81B1-4CF3-B50B-D9E7EDC9778F}.Release|Any CPU.Build.0 = Release|Any CPU
	EndGlobalSection
	GlobalSection(SolutionProperties) = preSolution
		HideSolutionNode = FALSE
	EndGlobalSection
	GlobalSection(ExtensibilityGlobals) = postSolution
		SolutionGuid = {1F417963-A1C8-4D8A-9FBF-CAE46ED48ED8}
	EndGlobalSection
EndGlobal
